
Microsoft Visual Studio Solution File, Format Version 12.00
# Visual Studio Version 17
VisualStudioVersion = 17.14.36429.23
MinimumVisualStudioVersion = 10.0.40219.1
Project("{2150E333-8FDC-42A3-9474-1A3956D46DE8}") = "Task0", "Task0", "{02EA681E-C7D8-13C7-8484-4AC65E1B71E8}"
EndProject
Project("{FAE04EC0-301F-11D3-BF4B-00C04F79EFBC}") = "Tyuiu.BayazitovEA.Sprint1.Task0.V9.Lib", "Tyuiu.BayazitovEA.Sprint1.Task0.V9.Lib\Tyuiu.BayazitovEA.Sprint1.Task0.V9.Lib.csproj", "{72968653-31EB-4FFC-BBDD-4DE86F2547B2}"
EndProject
Project("{FAE04EC0-301F-11D3-BF4B-00C04F79EFBC}") = "Tyuiu.BayazitovEA.Sprint1.Task0.V9", "Tyuiu.BayazitovEA.Sprint1.Task0.V9\Tyuiu.BayazitovEA.Sprint1.Task0.V9.csproj", "{F45DBCDF-F68D-496A-9D6D-10E810B8D542}"
EndProject
Project("{FAE04EC0-301F-11D3-BF4B-00C04F79EFBC}") = "Tyuiu.BayazitovEA.Sprint1.Task0.V9.Test", "Tyuiu.BayazitovEA.Sprint1.Task0.V9.Test\Tyuiu.BayazitovEA.Sprint1.Task0.V9.Test.csproj", "{3BDD7F33-C8A8-4DDF-A63F-4A610A5AE286}"
EndProject
Project("{2150E333-8FDC-42A3-9474-1A3956D46DE8}") = "Task1", "Task1", "{32DD30C3-0867-4699-8B32-FA23EAFAA329}"
EndProject
Project("{FAE04EC0-301F-11D3-BF4B-00C04F79EFBC}") = "Tyuiu.BayazitovEA.Sprint1.Task1.V11.Test", "Tyuiu.BayazitovEA.Sprint1.Task1.V11.Test\Tyuiu.BayazitovEA.Sprint1.Task1.V11.Test.csproj", "{F474B519-A5DC-4EA3-A509-12B030A9D918}"
EndProject
Project("{FAE04EC0-301F-11D3-BF4B-00C04F79EFBC}") = "Tyuiu.BayazitovEA.Sprint1.Task1.V11", "Tyuiu.BayazitovEA.Sprint1.Task1.V11\Tyuiu.BayazitovEA.Sprint1.Task1.V11.csproj", "{BA742369-0FA6-41DA-B540-8067C0C4FD58}"
EndProject
Project("{FAE04EC0-301F-11D3-BF4B-00C04F79EFBC}") = "Tyuiu.BayazitovEA.Sprint1.Task1.V11.Lib", "Tyuiu.BayazitovEA.Sprint1.Task1.V11.Lib\Tyuiu.BayazitovEA.Sprint1.Task1.V11.Lib.csproj", "{BC1E05E6-91C8-4491-9269-6795CF901A3D}"
EndProject
Project("{2150E333-8FDC-42A3-9474-1A3956D46DE8}") = "Task2", "Task2", "{29CE4BBE-B7FB-420E-AEC3-F0E4068A2651}"
EndProject
Project("{FAE04EC0-301F-11D3-BF4B-00C04F79EFBC}") = "Tyuiu.BayazitovEA.Sprint1.Task2.V5.Lib", "Tyuiu.BayazitovEA.Sprint1.Task2.V5.Lib\Tyuiu.BayazitovEA.Sprint1.Task2.V5.Lib.csproj", "{8BEC8A11-77F6-4D51-BFD2-0410AB8F78EE}"
EndProject
Project("{FAE04EC0-301F-11D3-BF4B-00C04F79EFBC}") = "Tyuiu.BayazitovEA.Sprint1.Task2.V5", "Tyuiu.BayazitovEA.Sprint1.Task2.V5\Tyuiu.BayazitovEA.Sprint1.Task2.V5.csproj", "{333DCE09-B9F2-4734-9F43-2D61535FFBAD}"
EndProject
Project("{FAE04EC0-301F-11D3-BF4B-00C04F79EFBC}") = "Tyuiu.BayazitovEA.Sprint1.Task2.V5.Test", "Tyuiu.BayazitovEA.Sprint1.Task2.V5.Test\Tyuiu.BayazitovEA.Sprint1.Task2.V5.Test.csproj", "{69DDA51A-3736-4744-8153-405EB0F7E96E}"
EndProject
Project("{2150E333-8FDC-42A3-9474-1A3956D46DE8}") = "Task3", "Task3", "{0ED1512E-CAA1-40CA-9BD4-C9200AA38904}"
EndProject
Project("{FAE04EC0-301F-11D3-BF4B-00C04F79EFBC}") = "Tyuiu.BayazitovEA.Sprint1.Task3.V13.Test", "Tyuiu.BayazitovEA.Sprint1.Task3.V13.Test\Tyuiu.BayazitovEA.Sprint1.Task3.V13.Test.csproj", "{A1E84A6D-0BF6-494F-8A47-5409665562C0}"
EndProject
Project("{FAE04EC0-301F-11D3-BF4B-00C04F79EFBC}") = "Tyuiu.BayazitovEA.Sprint1.Task3.V13", "Tyuiu.BayazitovEA.Sprint1.Task3.V13\Tyuiu.BayazitovEA.Sprint1.Task3.V13.csproj", "{9BCDE6AC-7984-421A-B8EE-48EA898887F4}"
EndProject
Project("{FAE04EC0-301F-11D3-BF4B-00C04F79EFBC}") = "Tyuiu.BayazitovEA.Sprint1.Task3.V13.Lib", "Tyuiu.BayazitovEA.Sprint1.Task3.V13.Lib\Tyuiu.BayazitovEA.Sprint1.Task3.V13.Lib.csproj", "{F0A0C86B-4739-4FF9-8266-5FBE8EE3A9AB}"
EndProject
Project("{2150E333-8FDC-42A3-9474-1A3956D46DE8}") = "Task4", "Task4", "{A7B982D0-B9ED-4325-83A6-F98E7F7A4F2D}"
EndProject
Project("{FAE04EC0-301F-11D3-BF4B-00C04F79EFBC}") = "Tyuiu.BayazitovEA.Sprint1.Task4.V23.Lib", "Tyuiu.BayazitovEA.Sprint1.Task4.V23.Lib\Tyuiu.BayazitovEA.Sprint1.Task4.V23.Lib.csproj", "{B7E89779-2DF7-4380-A818-A8E6BD197D73}"
EndProject
Project("{FAE04EC0-301F-11D3-BF4B-00C04F79EFBC}") = "Tyuiu.BayazitovEA.Sprint1.Task4.V23", "Tyuiu.BayazitovEA.Sprint1.Task4.V23\Tyuiu.BayazitovEA.Sprint1.Task4.V23.csproj", "{3CEDF0CC-1EF2-4870-B1E3-18984C4C2F5E}"
EndProject
Project("{FAE04EC0-301F-11D3-BF4B-00C04F79EFBC}") = "Tyuiu.BayazitovEA.Sprint1.Task4.V23.Test", "Tyuiu.BayazitovEA.Sprint1.Task4.V23.Test\Tyuiu.BayazitovEA.Sprint1.Task4.V23.Test.csproj", "{155139C1-3E81-46C3-9204-AEA78B2F78DE}"
EndProject
Project("{2150E333-8FDC-42A3-9474-1A3956D46DE8}") = "Task5", "Task5", "{73CEEAF3-5F2C-4B35-BA8C-696E55F8EAAE}"
EndProject
Project("{FAE04EC0-301F-11D3-BF4B-00C04F79EFBC}") = "Tyuiu.BayazitovEA.Sprint1.Task5.V4.Test", "Tyuiu.BayazitovEA.Sprint1.Task5.V4.Test\Tyuiu.BayazitovEA.Sprint1.Task5.V4.Test.csproj", "{E114DF95-4CEA-473D-9166-850C7A5F34A3}"
EndProject
Project("{FAE04EC0-301F-11D3-BF4B-00C04F79EFBC}") = "Tyuiu.BayazitovEA.Sprint1.Task5.V4", "Tyuiu.BayazitovEA.Sprint1.Task5.V4\Tyuiu.BayazitovEA.Sprint1.Task5.V4.csproj", "{20F70389-FC31-4665-8F81-59FD6EF6DBF2}"
EndProject
Project("{FAE04EC0-301F-11D3-BF4B-00C04F79EFBC}") = "Tyuiu.BayazitovEA.Sprint1.Task5.V4.Lib", "Tyuiu.BayazitovEA.Sprint1.Task5.V4.Lib\Tyuiu.BayazitovEA.Sprint1.Task5.V4.Lib.csproj", "{BC3C3D1A-29C8-4D38-8EC8-63DF1844C7B3}"
EndProject
Global
	GlobalSection(SolutionConfigurationPlatforms) = preSolution
		Debug|Any CPU = Debug|Any CPU
		Release|Any CPU = Release|Any CPU
	EndGlobalSection
	GlobalSection(ProjectConfigurationPlatforms) = postSolution
		{72968653-31EB-4FFC-BBDD-4DE86F2547B2}.Debug|Any CPU.ActiveCfg = Debug|Any CPU
		{72968653-31EB-4FFC-BBDD-4DE86F2547B2}.Debug|Any CPU.Build.0 = Debug|Any CPU
		{72968653-31EB-4FFC-BBDD-4DE86F2547B2}.Release|Any CPU.ActiveCfg = Release|Any CPU
		{72968653-31EB-4FFC-BBDD-4DE86F2547B2}.Release|Any CPU.Build.0 = Release|Any CPU
		{F45DBCDF-F68D-496A-9D6D-10E810B8D542}.Debug|Any CPU.ActiveCfg = Debug|Any CPU
		{F45DBCDF-F68D-496A-9D6D-10E810B8D542}.Debug|Any CPU.Build.0 = Debug|Any CPU
		{F45DBCDF-F68D-496A-9D6D-10E810B8D542}.Release|Any CPU.ActiveCfg = Release|Any CPU
		{F45DBCDF-F68D-496A-9D6D-10E810B8D542}.Release|Any CPU.Build.0 = Release|Any CPU
		{3BDD7F33-C8A8-4DDF-A63F-4A610A5AE286}.Debug|Any CPU.ActiveCfg = Debug|Any CPU
		{3BDD7F33-C8A8-4DDF-A63F-4A610A5AE286}.Debug|Any CPU.Build.0 = Debug|Any CPU
		{3BDD7F33-C8A8-4DDF-A63F-4A610A5AE286}.Release|Any CPU.ActiveCfg = Release|Any CPU
		{3BDD7F33-C8A8-4DDF-A63F-4A610A5AE286}.Release|Any CPU.Build.0 = Release|Any CPU
		{F474B519-A5DC-4EA3-A509-12B030A9D918}.Debug|Any CPU.ActiveCfg = Debug|Any CPU
		{F474B519-A5DC-4EA3-A509-12B030A9D918}.Debug|Any CPU.Build.0 = Debug|Any CPU
		{F474B519-A5DC-4EA3-A509-12B030A9D918}.Release|Any CPU.ActiveCfg = Release|Any CPU
		{F474B519-A5DC-4EA3-A509-12B030A9D918}.Release|Any CPU.Build.0 = Release|Any CPU
		{BA742369-0FA6-41DA-B540-8067C0C4FD58}.Debug|Any CPU.ActiveCfg = Debug|Any CPU
		{BA742369-0FA6-41DA-B540-8067C0C4FD58}.Debug|Any CPU.Build.0 = Debug|Any CPU
		{BA742369-0FA6-41DA-B540-8067C0C4FD58}.Release|Any CPU.ActiveCfg = Release|Any CPU
		{BA742369-0FA6-41DA-B540-8067C0C4FD58}.Release|Any CPU.Build.0 = Release|Any CPU
		{BC1E05E6-91C8-4491-9269-6795CF901A3D}.Debug|Any CPU.ActiveCfg = Debug|Any CPU
		{BC1E05E6-91C8-4491-9269-6795CF901A3D}.Debug|Any CPU.Build.0 = Debug|Any CPU
		{BC1E05E6-91C8-4491-9269-6795CF901A3D}.Release|Any CPU.ActiveCfg = Release|Any CPU
		{BC1E05E6-91C8-4491-9269-6795CF901A3D}.Release|Any CPU.Build.0 = Release|Any CPU
		{8BEC8A11-77F6-4D51-BFD2-0410AB8F78EE}.Debug|Any CPU.ActiveCfg = Debug|Any CPU
		{8BEC8A11-77F6-4D51-BFD2-0410AB8F78EE}.Debug|Any CPU.Build.0 = Debug|Any CPU
		{8BEC8A11-77F6-4D51-BFD2-0410AB8F78EE}.Release|Any CPU.ActiveCfg = Release|Any CPU
		{8BEC8A11-77F6-4D51-BFD2-0410AB8F78EE}.Release|Any CPU.Build.0 = Release|Any CPU
		{333DCE09-B9F2-4734-9F43-2D61535FFBAD}.Debug|Any CPU.ActiveCfg = Debug|Any CPU
		{333DCE09-B9F2-4734-9F43-2D61535FFBAD}.Debug|Any CPU.Build.0 = Debug|Any CPU
		{333DCE09-B9F2-4734-9F43-2D61535FFBAD}.Release|Any CPU.ActiveCfg = Release|Any CPU
		{333DCE09-B9F2-4734-9F43-2D61535FFBAD}.Release|Any CPU.Build.0 = Release|Any CPU
		{69DDA51A-3736-4744-8153-405EB0F7E96E}.Debug|Any CPU.ActiveCfg = Debug|Any CPU
		{69DDA51A-3736-4744-8153-405EB0F7E96E}.Debug|Any CPU.Build.0 = Debug|Any CPU
		{69DDA51A-3736-4744-8153-405EB0F7E96E}.Release|Any CPU.ActiveCfg = Release|Any CPU
		{69DDA51A-3736-4744-8153-405EB0F7E96E}.Release|Any CPU.Build.0 = Release|Any CPU
		{A1E84A6D-0BF6-494F-8A47-5409665562C0}.Debug|Any CPU.ActiveCfg = Debug|Any CPU
		{A1E84A6D-0BF6-494F-8A47-5409665562C0}.Debug|Any CPU.Build.0 = Debug|Any CPU
		{A1E84A6D-0BF6-494F-8A47-5409665562C0}.Release|Any CPU.ActiveCfg = Release|Any CPU
		{A1E84A6D-0BF6-494F-8A47-5409665562C0}.Release|Any CPU.Build.0 = Release|Any CPU
		{9BCDE6AC-7984-421A-B8EE-48EA898887F4}.Debug|Any CPU.ActiveCfg = Debug|Any CPU
		{9BCDE6AC-7984-421A-B8EE-48EA898887F4}.Debug|Any CPU.Build.0 = Debug|Any CPU
		{9BCDE6AC-7984-421A-B8EE-48EA898887F4}.Release|Any CPU.ActiveCfg = Release|Any CPU
		{9BCDE6AC-7984-421A-B8EE-48EA898887F4}.Release|Any CPU.Build.0 = Release|Any CPU
		{F0A0C86B-4739-4FF9-8266-5FBE8EE3A9AB}.Debug|Any CPU.ActiveCfg = Debug|Any CPU
		{F0A0C86B-4739-4FF9-8266-5FBE8EE3A9AB}.Debug|Any CPU.Build.0 = Debug|Any CPU
		{F0A0C86B-4739-4FF9-8266-5FBE8EE3A9AB}.Release|Any CPU.ActiveCfg = Release|Any CPU
		{F0A0C86B-4739-4FF9-8266-5FBE8EE3A9AB}.Release|Any CPU.Build.0 = Release|Any CPU
		{B7E89779-2DF7-4380-A818-A8E6BD197D73}.Debug|Any CPU.ActiveCfg = Debug|Any CPU
		{B7E89779-2DF7-4380-A818-A8E6BD197D73}.Debug|Any CPU.Build.0 = Debug|Any CPU
		{B7E89779-2DF7-4380-A818-A8E6BD197D73}.Release|Any CPU.ActiveCfg = Release|Any CPU
		{B7E89779-2DF7-4380-A818-A8E6BD197D73}.Release|Any CPU.Build.0 = Release|Any CPU
		{3CEDF0CC-1EF2-4870-B1E3-18984C4C2F5E}.Debug|Any CPU.ActiveCfg = Debug|Any CPU
		{3CEDF0CC-1EF2-4870-B1E3-18984C4C2F5E}.Debug|Any CPU.Build.0 = Debug|Any CPU
		{3CEDF0CC-1EF2-4870-B1E3-18984C4C2F5E}.Release|Any CPU.ActiveCfg = Release|Any CPU
		{3CEDF0CC-1EF2-4870-B1E3-18984C4C2F5E}.Release|Any CPU.Build.0 = Release|Any CPU
		{155139C1-3E81-46C3-9204-AEA78B2F78DE}.Debug|Any CPU.ActiveCfg = Debug|Any CPU
		{155139C1-3E81-46C3-9204-AEA78B2F78DE}.Debug|Any CPU.Build.0 = Debug|Any CPU
		{155139C1-3E81-46C3-9204-AEA78B2F78DE}.Release|Any CPU.ActiveCfg = Release|Any CPU
		{155139C1-3E81-46C3-9204-AEA78B2F78DE}.Release|Any CPU.Build.0 = Release|Any CPU
		{E114DF95-4CEA-473D-9166-850C7A5F34A3}.Debug|Any CPU.ActiveCfg = Debug|Any CPU
		{E114DF95-4CEA-473D-9166-850C7A5F34A3}.Debug|Any CPU.Build.0 = Debug|Any CPU
		{E114DF95-4CEA-473D-9166-850C7A5F34A3}.Release|Any CPU.ActiveCfg = Release|Any CPU
		{E114DF95-4CEA-473D-9166-850C7A5F34A3}.Release|Any CPU.Build.0 = Release|Any CPU
		{20F70389-FC31-4665-8F81-59FD6EF6DBF2}.Debug|Any CPU.ActiveCfg = Debug|Any CPU
		{20F70389-FC31-4665-8F81-59FD6EF6DBF2}.Debug|Any CPU.Build.0 = Debug|Any CPU
		{20F70389-FC31-4665-8F81-59FD6EF6DBF2}.Release|Any CPU.ActiveCfg = Release|Any CPU
		{20F70389-FC31-4665-8F81-59FD6EF6DBF2}.Release|Any CPU.Build.0 = Release|Any CPU
		{BC3C3D1A-29C8-4D38-8EC8-63DF1844C7B3}.Debug|Any CPU.ActiveCfg = Debug|Any CPU
		{BC3C3D1A-29C8-4D38-8EC8-63DF1844C7B3}.Debug|Any CPU.Build.0 = Debug|Any CPU
		{BC3C3D1A-29C8-4D38-8EC8-63DF1844C7B3}.Release|Any CPU.ActiveCfg = Release|Any CPU
		{BC3C3D1A-29C8-4D38-8EC8-63DF1844C7B3}.Release|Any CPU.Build.0 = Release|Any CPU
	EndGlobalSection
	GlobalSection(SolutionProperties) = preSolution
		HideSolutionNode = FALSE
	EndGlobalSection
	GlobalSection(NestedProjects) = preSolution
		{72968653-31EB-4FFC-BBDD-4DE86F2547B2} = {02EA681E-C7D8-13C7-8484-4AC65E1B71E8}
		{F45DBCDF-F68D-496A-9D6D-10E810B8D542} = {02EA681E-C7D8-13C7-8484-4AC65E1B71E8}
		{3BDD7F33-C8A8-4DDF-A63F-4A610A5AE286} = {02EA681E-C7D8-13C7-8484-4AC65E1B71E8}
		{F474B519-A5DC-4EA3-A509-12B030A9D918} = {32DD30C3-0867-4699-8B32-FA23EAFAA329}
		{BA742369-0FA6-41DA-B540-8067C0C4FD58} = {32DD30C3-0867-4699-8B32-FA23EAFAA329}
		{BC1E05E6-91C8-4491-9269-6795CF901A3D} = {32DD30C3-0867-4699-8B32-FA23EAFAA329}
		{8BEC8A11-77F6-4D51-BFD2-0410AB8F78EE} = {29CE4BBE-B7FB-420E-AEC3-F0E4068A2651}
		{333DCE09-B9F2-4734-9F43-2D61535FFBAD} = {29CE4BBE-B7FB-420E-AEC3-F0E4068A2651}
		{69DDA51A-3736-4744-8153-405EB0F7E96E} = {29CE4BBE-B7FB-420E-AEC3-F0E4068A2651}
		{A1E84A6D-0BF6-494F-8A47-5409665562C0} = {0ED1512E-CAA1-40CA-9BD4-C9200AA38904}
		{9BCDE6AC-7984-421A-B8EE-48EA898887F4} = {0ED1512E-CAA1-40CA-9BD4-C9200AA38904}
		{F0A0C86B-4739-4FF9-8266-5FBE8EE3A9AB} = {0ED1512E-CAA1-40CA-9BD4-C9200AA38904}
		{B7E89779-2DF7-4380-A818-A8E6BD197D73} = {A7B982D0-B9ED-4325-83A6-F98E7F7A4F2D}
		{3CEDF0CC-1EF2-4870-B1E3-18984C4C2F5E} = {A7B982D0-B9ED-4325-83A6-F98E7F7A4F2D}
		{155139C1-3E81-46C3-9204-AEA78B2F78DE} = {A7B982D0-B9ED-4325-83A6-F98E7F7A4F2D}
		{E114DF95-4CEA-473D-9166-850C7A5F34A3} = {73CEEAF3-5F2C-4B35-BA8C-696E55F8EAAE}
		{20F70389-FC31-4665-8F81-59FD6EF6DBF2} = {73CEEAF3-5F2C-4B35-BA8C-696E55F8EAAE}
		{BC3C3D1A-29C8-4D38-8EC8-63DF1844C7B3} = {73CEEAF3-5F2C-4B35-BA8C-696E55F8EAAE}
	EndGlobalSection
	GlobalSection(ExtensibilityGlobals) = postSolution
		SolutionGuid = {C52A5B4E-584D-470A-A9FD-D5EC13585744}
	EndGlobalSection
EndGlobal
